
Microsoft Visual Studio Solution File, Format Version 12.00
# Visual Studio Version 17
VisualStudioVersion = 17.9.34728.123
MinimumVisualStudioVersion = 10.0.40219.1
Project("{FAE04EC0-301F-11D3-BF4B-00C04F79EFBC}") = "作業", "作業\作業.csproj", "{9D5A63CD-C2C1-4946-9BEA-7E55BC1FFA94}"
EndProject
Global
	GlobalSection(SolutionConfigurationPlatforms) = preSolution
		Debug|Any CPU = Debug|Any CPU
		Release|Any CPU = Release|Any CPU
	EndGlobalSection
	GlobalSection(ProjectConfigurationPlatforms) = postSolution
		{9D5A63CD-C2C1-4946-9BEA-7E55BC1FFA94}.Debug|Any CPU.ActiveCfg = Debug|Any CPU
		{9D5A63CD-C2C1-4946-9BEA-7E55BC1FFA94}.Debug|Any CPU.Build.0 = Debug|Any CPU
		{9D5A63CD-C2C1-4946-9BEA-7E55BC1FFA94}.Release|Any CPU.ActiveCfg = Release|Any CPU
		{9D5A63CD-C2C1-4946-9BEA-7E55BC1FFA94}.Release|Any CPU.Build.0 = Release|Any CPU
	EndGlobalSection
	GlobalSection(SolutionProperties) = preSolution
		HideSolutionNode = FALSE
	EndGlobalSection
	GlobalSection(ExtensibilityGlobals) = postSolution
		SolutionGuid = {64B815B5-A24A-4F2E-A2BD-62004BA33B99}
	EndGlobalSection
EndGlobal
